
Microsoft Visual Studio Solution File, Format Version 12.00
# Visual Studio Version 17
VisualStudioVersion = 17.14.36202.13 d17.14
MinimumVisualStudioVersion = 10.0.40219.1
Project("{FAE04EC0-301F-11D3-BF4B-00C04F79EFBC}") = "TaskMaster", "TaskMaster\TaskMaster.csproj", "{C04DD5B4-D94F-459A-8E72-7E2388F39FB6}"
EndProject
Global
	GlobalSection(SolutionConfigurationPlatforms) = preSolution
		Debug|Any CPU = Debug|Any CPU
		Release|Any CPU = Release|Any CPU
	EndGlobalSection
	GlobalSection(ProjectConfigurationPlatforms) = postSolution
		{C04DD5B4-D94F-459A-8E72-7E2388F39FB6}.Debug|Any CPU.ActiveCfg = Debug|Any CPU
		{C04DD5B4-D94F-459A-8E72-7E2388F39FB6}.Debug|Any CPU.Build.0 = Debug|Any CPU
		{C04DD5B4-D94F-459A-8E72-7E2388F39FB6}.Release|Any CPU.ActiveCfg = Release|Any CPU
		{C04DD5B4-D94F-459A-8E72-7E2388F39FB6}.Release|Any CPU.Build.0 = Release|Any CPU
	EndGlobalSection
	GlobalSection(SolutionProperties) = preSolution
		HideSolutionNode = FALSE
	EndGlobalSection
	GlobalSection(ExtensibilityGlobals) = postSolution
		SolutionGuid = {96768AF8-A8B4-4B89-A28B-2F22515FFE93}
	EndGlobalSection
EndGlobal
